
Microsoft Visual Studio Solution File, Format Version 12.00
# Visual Studio Version 17
VisualStudioVersion = 17.6.33829.357
MinimumVisualStudioVersion = 10.0.40219.1
Project("{FAE04EC0-301F-11D3-BF4B-00C04F79EFBC}") = "GenericTaskScheduler", "GenericTaskScheduler.csproj", "{B45D49C3-A613-41BD-8DC2-D41E15EB14C2}"
EndProject
Global
	GlobalSection(SolutionConfigurationPlatforms) = preSolution
		Debug|Any CPU = Debug|Any CPU
		Release|Any CPU = Release|Any CPU
	EndGlobalSection
	GlobalSection(ProjectConfigurationPlatforms) = postSolution
		{B45D49C3-A613-41BD-8DC2-D41E15EB14C2}.Debug|Any CPU.ActiveCfg = Debug|Any CPU
		{B45D49C3-A613-41BD-8DC2-D41E15EB14C2}.Debug|Any CPU.Build.0 = Debug|Any CPU
		{B45D49C3-A613-41BD-8DC2-D41E15EB14C2}.Release|Any CPU.ActiveCfg = Release|Any CPU
		{B45D49C3-A613-41BD-8DC2-D41E15EB14C2}.Release|Any CPU.Build.0 = Release|Any CPU
	EndGlobalSection
	GlobalSection(SolutionProperties) = preSolution
		HideSolutionNode = FALSE
	EndGlobalSection
	GlobalSection(ExtensibilityGlobals) = postSolution
		SolutionGuid = {41B57369-7B26-408A-96C5-18D922FB95E0}
	EndGlobalSection
EndGlobal
